
Microsoft Visual Studio Solution File, Format Version 12.00
# Visual Studio Version 17
VisualStudioVersion = 17.7.34024.191
MinimumVisualStudioVersion = 10.0.40219.1
Project("{FAE04EC0-301F-11D3-BF4B-00C04F79EFBC}") = "Delegate_Event_Linq", "Delegate_Event_Linq\Delegate_Event_Linq.csproj", "{C8189B1C-79AD-4010-92C5-2B99E4BE61BB}"
EndProject
Global
	GlobalSection(SolutionConfigurationPlatforms) = preSolution
		Debug|Any CPU = Debug|Any CPU
		Release|Any CPU = Release|Any CPU
	EndGlobalSection
	GlobalSection(ProjectConfigurationPlatforms) = postSolution
		{C8189B1C-79AD-4010-92C5-2B99E4BE61BB}.Debug|Any CPU.ActiveCfg = Debug|Any CPU
		{C8189B1C-79AD-4010-92C5-2B99E4BE61BB}.Debug|Any CPU.Build.0 = Debug|Any CPU
		{C8189B1C-79AD-4010-92C5-2B99E4BE61BB}.Release|Any CPU.ActiveCfg = Release|Any CPU
		{C8189B1C-79AD-4010-92C5-2B99E4BE61BB}.Release|Any CPU.Build.0 = Release|Any CPU
	EndGlobalSection
	GlobalSection(SolutionProperties) = preSolution
		HideSolutionNode = FALSE
	EndGlobalSection
	GlobalSection(ExtensibilityGlobals) = postSolution
		SolutionGuid = {766FD854-00A4-4575-8299-FB9DB1B417F7}
	EndGlobalSection
EndGlobal
